
Microsoft Visual Studio Solution File, Format Version 11.00
# Visual Studio 2010
# SharpDevelop 4.3
Project("{FAE04EC0-301F-11D3-BF4B-00C04F79EFBC}") = "lexer", "lexer\lexer.csproj", "{2547896D-1FE0-45D0-85F3-AA3D2B6C9715}"
EndProject
Global
	GlobalSection(SolutionConfigurationPlatforms) = preSolution
		Debug|Any CPU = Debug|Any CPU
		Release|Any CPU = Release|Any CPU
	EndGlobalSection
	GlobalSection(ProjectConfigurationPlatforms) = postSolution
		{2547896D-1FE0-45D0-85F3-AA3D2B6C9715}.Debug|Any CPU.Build.0 = Debug|Any CPU
		{2547896D-1FE0-45D0-85F3-AA3D2B6C9715}.Debug|Any CPU.ActiveCfg = Debug|Any CPU
		{2547896D-1FE0-45D0-85F3-AA3D2B6C9715}.Release|Any CPU.Build.0 = Release|Any CPU
		{2547896D-1FE0-45D0-85F3-AA3D2B6C9715}.Release|Any CPU.ActiveCfg = Release|Any CPU
	EndGlobalSection
EndGlobal
